
Microsoft Visual Studio Solution File, Format Version 12.00
# Visual Studio Version 17
VisualStudioVersion = 17.5.33424.131
MinimumVisualStudioVersion = 10.0.40219.1
Project("{9A19103F-16F7-4668-BE54-9A1E7A4F7556}") = "MachineHealthCheck.Domain", "Domain\MachineHealthCheck.Domain.csproj", "{9E9FC909-5006-4765-9262-946A704D9C9B}"
EndProject
Project("{9A19103F-16F7-4668-BE54-9A1E7A4F7556}") = "MachineHealthCheck.Infrastructure", "Infrastructure\MachineHealthCheck.Infrastructure.csproj", "{147E8284-4E0E-4F07-856C-AC96AE356B10}"
EndProject
Project("{9A19103F-16F7-4668-BE54-9A1E7A4F7556}") = "MachineHealthCheck.Service", "Service\MachineHealthCheck.Service.csproj", "{39B60325-34FC-4CC6-8E3C-6FBD7A031EDD}"
EndProject
Project("{9A19103F-16F7-4668-BE54-9A1E7A4F7556}") = "MachineHealthCheck.API", "API\MachineHealthCheck.API.csproj", "{75E4BA47-23E3-4C8E-8B4A-61A4F045C545}"
EndProject
Project("{2150E333-8FDC-42A3-9474-1A3956D46DE8}") = "Web", "Web", "{CD516044-E036-4EC4-9D9C-DB38830BBD18}"
EndProject
Project("{2150E333-8FDC-42A3-9474-1A3956D46DE8}") = "App", "App", "{55F904E8-29E8-4A5C-9F83-E542EA066894}"
EndProject
Project("{54A90642-561A-4BB1-A94E-469ADEE60C69}") = "MachineHealthCheck.Web", "..\Web\MachineHealthCheck.Web.esproj", "{FE450574-5BF8-45D6-BF96-71D7B374AF48}"
EndProject
Project("{2150E333-8FDC-42A3-9474-1A3956D46DE8}") = "HealthCheck", "HealthCheck", "{4BE1E744-6EFE-421C-BE88-3CF5D6859B6C}"
EndProject
Project("{9A19103F-16F7-4668-BE54-9A1E7A4F7556}") = "HealthCheck.Host", "..\HealthCheck\HealthCheck.Host\HealthCheck.Host.csproj", "{4648D951-D834-4C66-B771-9A2E175899D1}"
EndProject
Project("{9A19103F-16F7-4668-BE54-9A1E7A4F7556}") = "HealthCheck.Remote", "..\HealthCheck\HealthCheck.Remote\HealthCheck.Remote.csproj", "{FCDC4DEE-6D57-4D9C-9559-FF23188750AC}"
EndProject
Global
	GlobalSection(SolutionConfigurationPlatforms) = preSolution
		Debug|Any CPU = Debug|Any CPU
		Release|Any CPU = Release|Any CPU
	EndGlobalSection
	GlobalSection(ProjectConfigurationPlatforms) = postSolution
		{9E9FC909-5006-4765-9262-946A704D9C9B}.Debug|Any CPU.ActiveCfg = Debug|Any CPU
		{9E9FC909-5006-4765-9262-946A704D9C9B}.Debug|Any CPU.Build.0 = Debug|Any CPU
		{9E9FC909-5006-4765-9262-946A704D9C9B}.Release|Any CPU.ActiveCfg = Release|Any CPU
		{9E9FC909-5006-4765-9262-946A704D9C9B}.Release|Any CPU.Build.0 = Release|Any CPU
		{147E8284-4E0E-4F07-856C-AC96AE356B10}.Debug|Any CPU.ActiveCfg = Debug|Any CPU
		{147E8284-4E0E-4F07-856C-AC96AE356B10}.Debug|Any CPU.Build.0 = Debug|Any CPU
		{147E8284-4E0E-4F07-856C-AC96AE356B10}.Release|Any CPU.ActiveCfg = Release|Any CPU
		{147E8284-4E0E-4F07-856C-AC96AE356B10}.Release|Any CPU.Build.0 = Release|Any CPU
		{39B60325-34FC-4CC6-8E3C-6FBD7A031EDD}.Debug|Any CPU.ActiveCfg = Debug|Any CPU
		{39B60325-34FC-4CC6-8E3C-6FBD7A031EDD}.Debug|Any CPU.Build.0 = Debug|Any CPU
		{39B60325-34FC-4CC6-8E3C-6FBD7A031EDD}.Release|Any CPU.ActiveCfg = Release|Any CPU
		{39B60325-34FC-4CC6-8E3C-6FBD7A031EDD}.Release|Any CPU.Build.0 = Release|Any CPU
		{75E4BA47-23E3-4C8E-8B4A-61A4F045C545}.Debug|Any CPU.ActiveCfg = Debug|Any CPU
		{75E4BA47-23E3-4C8E-8B4A-61A4F045C545}.Debug|Any CPU.Build.0 = Debug|Any CPU
		{75E4BA47-23E3-4C8E-8B4A-61A4F045C545}.Release|Any CPU.ActiveCfg = Release|Any CPU
		{75E4BA47-23E3-4C8E-8B4A-61A4F045C545}.Release|Any CPU.Build.0 = Release|Any CPU
		{FE450574-5BF8-45D6-BF96-71D7B374AF48}.Debug|Any CPU.ActiveCfg = Debug|Any CPU
		{FE450574-5BF8-45D6-BF96-71D7B374AF48}.Debug|Any CPU.Build.0 = Debug|Any CPU
		{FE450574-5BF8-45D6-BF96-71D7B374AF48}.Debug|Any CPU.Deploy.0 = Debug|Any CPU
		{FE450574-5BF8-45D6-BF96-71D7B374AF48}.Release|Any CPU.ActiveCfg = Release|Any CPU
		{FE450574-5BF8-45D6-BF96-71D7B374AF48}.Release|Any CPU.Build.0 = Release|Any CPU
		{FE450574-5BF8-45D6-BF96-71D7B374AF48}.Release|Any CPU.Deploy.0 = Release|Any CPU
		{4648D951-D834-4C66-B771-9A2E175899D1}.Debug|Any CPU.ActiveCfg = Debug|Any CPU
		{4648D951-D834-4C66-B771-9A2E175899D1}.Debug|Any CPU.Build.0 = Debug|Any CPU
		{4648D951-D834-4C66-B771-9A2E175899D1}.Release|Any CPU.ActiveCfg = Release|Any CPU
		{4648D951-D834-4C66-B771-9A2E175899D1}.Release|Any CPU.Build.0 = Release|Any CPU
		{FCDC4DEE-6D57-4D9C-9559-FF23188750AC}.Debug|Any CPU.ActiveCfg = Debug|Any CPU
		{FCDC4DEE-6D57-4D9C-9559-FF23188750AC}.Debug|Any CPU.Build.0 = Debug|Any CPU
		{FCDC4DEE-6D57-4D9C-9559-FF23188750AC}.Release|Any CPU.ActiveCfg = Release|Any CPU
		{FCDC4DEE-6D57-4D9C-9559-FF23188750AC}.Release|Any CPU.Build.0 = Release|Any CPU
	EndGlobalSection
	GlobalSection(SolutionProperties) = preSolution
		HideSolutionNode = FALSE
	EndGlobalSection
	GlobalSection(NestedProjects) = preSolution
		{9E9FC909-5006-4765-9262-946A704D9C9B} = {55F904E8-29E8-4A5C-9F83-E542EA066894}
		{147E8284-4E0E-4F07-856C-AC96AE356B10} = {55F904E8-29E8-4A5C-9F83-E542EA066894}
		{39B60325-34FC-4CC6-8E3C-6FBD7A031EDD} = {55F904E8-29E8-4A5C-9F83-E542EA066894}
		{75E4BA47-23E3-4C8E-8B4A-61A4F045C545} = {55F904E8-29E8-4A5C-9F83-E542EA066894}
		{FE450574-5BF8-45D6-BF96-71D7B374AF48} = {CD516044-E036-4EC4-9D9C-DB38830BBD18}
		{4648D951-D834-4C66-B771-9A2E175899D1} = {4BE1E744-6EFE-421C-BE88-3CF5D6859B6C}
		{FCDC4DEE-6D57-4D9C-9559-FF23188750AC} = {4BE1E744-6EFE-421C-BE88-3CF5D6859B6C}
	EndGlobalSection
	GlobalSection(ExtensibilityGlobals) = postSolution
		SolutionGuid = {D5E04DAB-B7DE-4C4D-AD26-A1EEA5564377}
	EndGlobalSection
EndGlobal
